
Microsoft Visual Studio Solution File, Format Version 12.00
# Visual Studio Version 17
VisualStudioVersion = 17.14.36327.8 d17.14
MinimumVisualStudioVersion = 10.0.40219.1
Project("{FAE04EC0-301F-11D3-BF4B-00C04F79EFBC}") = "UserPortal", "UserPortal\UserPortal.csproj", "{93F23990-1117-4286-8C00-58CA0E749541}"
EndProject
Global
	GlobalSection(SolutionConfigurationPlatforms) = preSolution
		Debug|Any CPU = Debug|Any CPU
		Release|Any CPU = Release|Any CPU
	EndGlobalSection
	GlobalSection(ProjectConfigurationPlatforms) = postSolution
		{93F23990-1117-4286-8C00-58CA0E749541}.Debug|Any CPU.ActiveCfg = Debug|Any CPU
		{93F23990-1117-4286-8C00-58CA0E749541}.Debug|Any CPU.Build.0 = Debug|Any CPU
		{93F23990-1117-4286-8C00-58CA0E749541}.Release|Any CPU.ActiveCfg = Release|Any CPU
		{93F23990-1117-4286-8C00-58CA0E749541}.Release|Any CPU.Build.0 = Release|Any CPU
	EndGlobalSection
	GlobalSection(SolutionProperties) = preSolution
		HideSolutionNode = FALSE
	EndGlobalSection
	GlobalSection(ExtensibilityGlobals) = postSolution
		SolutionGuid = {643BB353-FEFF-4D6D-B937-AAB958062774}
	EndGlobalSection
EndGlobal
